
Microsoft Visual Studio Solution File, Format Version 12.00
# Visual Studio 15
VisualStudioVersion = 15.0.28010.2036
MinimumVisualStudioVersion = 10.0.40219.1
Project("{9A19103F-16F7-4668-BE54-9A1E7A4F7556}") = "Demo.API", "Demo.API\Demo.API.csproj", "{0C3BEABD-FA3C-4A08-904A-ABD33223C8C4}"
EndProject
Project("{9A19103F-16F7-4668-BE54-9A1E7A4F7556}") = "Demo.Core", "Demo.Core\Demo.Core.csproj", "{021F49C8-9BEA-4193-86D9-6C253685F43E}"
EndProject
Project("{9A19103F-16F7-4668-BE54-9A1E7A4F7556}") = "Framework", "Framework\Framework.csproj", "{49958443-E431-4FD2-AF7D-87A07777D1BC}"
EndProject
Project("{2150E333-8FDC-42A3-9474-1A3956D46DE8}") = "Solution Items", "Solution Items", "{FC9082B9-9E9B-47FC-B11D-BF86B3E8D921}"
	ProjectSection(SolutionItems) = preProject
		docker-compose.yml = docker-compose.yml
		Dockerfile = Dockerfile
	EndProjectSection
EndProject
Project("{FAE04EC0-301F-11D3-BF4B-00C04F79EFBC}") = "Demo.Tests", "Demo.Tests\Demo.Tests.csproj", "{17A5B0B3-5F3E-415C-AB11-0450A772B077}"
EndProject
Project("{FAE04EC0-301F-11D3-BF4B-00C04F79EFBC}") = "Framework.Data", "Framework.Data\Framework.Data.csproj", "{C3E9C67C-F9E3-4E6A-B0AF-7DB34018D8CF}"
EndProject
Project("{FAE04EC0-301F-11D3-BF4B-00C04F79EFBC}") = "Framework.Core", "Framework.Core\Framework.Core.csproj", "{1F5EC200-39E5-40E1-A916-A2B9309FBEF5}"
EndProject
Global
	GlobalSection(SolutionConfigurationPlatforms) = preSolution
		Debug|Any CPU = Debug|Any CPU
		Release|Any CPU = Release|Any CPU
	EndGlobalSection
	GlobalSection(ProjectConfigurationPlatforms) = postSolution
		{0C3BEABD-FA3C-4A08-904A-ABD33223C8C4}.Debug|Any CPU.ActiveCfg = Debug|Any CPU
		{0C3BEABD-FA3C-4A08-904A-ABD33223C8C4}.Debug|Any CPU.Build.0 = Debug|Any CPU
		{0C3BEABD-FA3C-4A08-904A-ABD33223C8C4}.Release|Any CPU.ActiveCfg = Release|Any CPU
		{0C3BEABD-FA3C-4A08-904A-ABD33223C8C4}.Release|Any CPU.Build.0 = Release|Any CPU
		{021F49C8-9BEA-4193-86D9-6C253685F43E}.Debug|Any CPU.ActiveCfg = Debug|Any CPU
		{021F49C8-9BEA-4193-86D9-6C253685F43E}.Debug|Any CPU.Build.0 = Debug|Any CPU
		{021F49C8-9BEA-4193-86D9-6C253685F43E}.Release|Any CPU.ActiveCfg = Release|Any CPU
		{021F49C8-9BEA-4193-86D9-6C253685F43E}.Release|Any CPU.Build.0 = Release|Any CPU
		{49958443-E431-4FD2-AF7D-87A07777D1BC}.Debug|Any CPU.ActiveCfg = Debug|Any CPU
		{49958443-E431-4FD2-AF7D-87A07777D1BC}.Debug|Any CPU.Build.0 = Debug|Any CPU
		{49958443-E431-4FD2-AF7D-87A07777D1BC}.Release|Any CPU.ActiveCfg = Release|Any CPU
		{49958443-E431-4FD2-AF7D-87A07777D1BC}.Release|Any CPU.Build.0 = Release|Any CPU
		{17A5B0B3-5F3E-415C-AB11-0450A772B077}.Debug|Any CPU.ActiveCfg = Debug|Any CPU
		{17A5B0B3-5F3E-415C-AB11-0450A772B077}.Debug|Any CPU.Build.0 = Debug|Any CPU
		{17A5B0B3-5F3E-415C-AB11-0450A772B077}.Release|Any CPU.ActiveCfg = Release|Any CPU
		{17A5B0B3-5F3E-415C-AB11-0450A772B077}.Release|Any CPU.Build.0 = Release|Any CPU
		{C3E9C67C-F9E3-4E6A-B0AF-7DB34018D8CF}.Debug|Any CPU.ActiveCfg = Debug|Any CPU
		{C3E9C67C-F9E3-4E6A-B0AF-7DB34018D8CF}.Debug|Any CPU.Build.0 = Debug|Any CPU
		{C3E9C67C-F9E3-4E6A-B0AF-7DB34018D8CF}.Release|Any CPU.ActiveCfg = Release|Any CPU
		{C3E9C67C-F9E3-4E6A-B0AF-7DB34018D8CF}.Release|Any CPU.Build.0 = Release|Any CPU
		{1F5EC200-39E5-40E1-A916-A2B9309FBEF5}.Debug|Any CPU.ActiveCfg = Debug|Any CPU
		{1F5EC200-39E5-40E1-A916-A2B9309FBEF5}.Debug|Any CPU.Build.0 = Debug|Any CPU
		{1F5EC200-39E5-40E1-A916-A2B9309FBEF5}.Release|Any CPU.ActiveCfg = Release|Any CPU
		{1F5EC200-39E5-40E1-A916-A2B9309FBEF5}.Release|Any CPU.Build.0 = Release|Any CPU
	EndGlobalSection
	GlobalSection(SolutionProperties) = preSolution
		HideSolutionNode = FALSE
	EndGlobalSection
	GlobalSection(ExtensibilityGlobals) = postSolution
		SolutionGuid = {515CF5D9-AD92-40EC-9E5E-EDABA188AE07}
	EndGlobalSection
EndGlobal
